
Microsoft Visual Studio Solution File, Format Version 12.00
# Visual Studio Version 16
VisualStudioVersion = 16.0.32106.194
MinimumVisualStudioVersion = 10.0.40219.1
Project("{9A19103F-16F7-4668-BE54-9A1E7A4F7556}") = "UI.Desktop", "UI.Desktop\UI.Desktop.csproj", "{6EBDD6DB-0C0A-487C-91C8-C969F0974707}"
EndProject
Project("{9A19103F-16F7-4668-BE54-9A1E7A4F7556}") = "Business.Logic", "Business.Logic\Business.Logic.csproj", "{A3E071E8-DAF0-4A73-8A79-502D8C00AF24}"
EndProject
Project("{9A19103F-16F7-4668-BE54-9A1E7A4F7556}") = "Util", "Util\Util.csproj", "{C98536A9-77FC-4DD7-BFE5-85D2D23F28E1}"
EndProject
Project("{9A19103F-16F7-4668-BE54-9A1E7A4F7556}") = "Business.Entities", "Business.Entities\Business.Entities.csproj", "{096CA117-B3E5-4050-8E71-00E3F82521D6}"
EndProject
Project("{9A19103F-16F7-4668-BE54-9A1E7A4F7556}") = "UI.Web.", "UI.Web\UI.Web..csproj", "{AA2BCBEC-9BA6-4215-A2EB-590798926A98}"
EndProject
Project("{FAE04EC0-301F-11D3-BF4B-00C04F79EFBC}") = "Data.Database", "Data.Database\Data.Database\Data.Database.csproj", "{18D1C50F-58E0-4D94-B05B-4A95A146E6BB}"
EndProject
Global
	GlobalSection(SolutionConfigurationPlatforms) = preSolution
		Debug|Any CPU = Debug|Any CPU
		Release|Any CPU = Release|Any CPU
	EndGlobalSection
	GlobalSection(ProjectConfigurationPlatforms) = postSolution
		{6EBDD6DB-0C0A-487C-91C8-C969F0974707}.Debug|Any CPU.ActiveCfg = Debug|Any CPU
		{6EBDD6DB-0C0A-487C-91C8-C969F0974707}.Debug|Any CPU.Build.0 = Debug|Any CPU
		{6EBDD6DB-0C0A-487C-91C8-C969F0974707}.Release|Any CPU.ActiveCfg = Release|Any CPU
		{6EBDD6DB-0C0A-487C-91C8-C969F0974707}.Release|Any CPU.Build.0 = Release|Any CPU
		{A3E071E8-DAF0-4A73-8A79-502D8C00AF24}.Debug|Any CPU.ActiveCfg = Debug|Any CPU
		{A3E071E8-DAF0-4A73-8A79-502D8C00AF24}.Debug|Any CPU.Build.0 = Debug|Any CPU
		{A3E071E8-DAF0-4A73-8A79-502D8C00AF24}.Release|Any CPU.ActiveCfg = Release|Any CPU
		{A3E071E8-DAF0-4A73-8A79-502D8C00AF24}.Release|Any CPU.Build.0 = Release|Any CPU
		{C98536A9-77FC-4DD7-BFE5-85D2D23F28E1}.Debug|Any CPU.ActiveCfg = Debug|Any CPU
		{C98536A9-77FC-4DD7-BFE5-85D2D23F28E1}.Debug|Any CPU.Build.0 = Debug|Any CPU
		{C98536A9-77FC-4DD7-BFE5-85D2D23F28E1}.Release|Any CPU.ActiveCfg = Release|Any CPU
		{C98536A9-77FC-4DD7-BFE5-85D2D23F28E1}.Release|Any CPU.Build.0 = Release|Any CPU
		{096CA117-B3E5-4050-8E71-00E3F82521D6}.Debug|Any CPU.ActiveCfg = Debug|Any CPU
		{096CA117-B3E5-4050-8E71-00E3F82521D6}.Debug|Any CPU.Build.0 = Debug|Any CPU
		{096CA117-B3E5-4050-8E71-00E3F82521D6}.Release|Any CPU.ActiveCfg = Release|Any CPU
		{096CA117-B3E5-4050-8E71-00E3F82521D6}.Release|Any CPU.Build.0 = Release|Any CPU
		{AA2BCBEC-9BA6-4215-A2EB-590798926A98}.Debug|Any CPU.ActiveCfg = Debug|Any CPU
		{AA2BCBEC-9BA6-4215-A2EB-590798926A98}.Debug|Any CPU.Build.0 = Debug|Any CPU
		{AA2BCBEC-9BA6-4215-A2EB-590798926A98}.Release|Any CPU.ActiveCfg = Release|Any CPU
		{AA2BCBEC-9BA6-4215-A2EB-590798926A98}.Release|Any CPU.Build.0 = Release|Any CPU
		{18D1C50F-58E0-4D94-B05B-4A95A146E6BB}.Debug|Any CPU.ActiveCfg = Debug|Any CPU
		{18D1C50F-58E0-4D94-B05B-4A95A146E6BB}.Debug|Any CPU.Build.0 = Debug|Any CPU
		{18D1C50F-58E0-4D94-B05B-4A95A146E6BB}.Release|Any CPU.ActiveCfg = Release|Any CPU
		{18D1C50F-58E0-4D94-B05B-4A95A146E6BB}.Release|Any CPU.Build.0 = Release|Any CPU
	EndGlobalSection
	GlobalSection(SolutionProperties) = preSolution
		HideSolutionNode = FALSE
	EndGlobalSection
	GlobalSection(ExtensibilityGlobals) = postSolution
		SolutionGuid = {F9822657-E0D4-4F14-8F32-B5B23A614C93}
	EndGlobalSection
EndGlobal
